
Microsoft Visual Studio Solution File, Format Version 12.00
# Visual Studio Version 17
VisualStudioVersion = 17.0.31903.59
MinimumVisualStudioVersion = 10.0.40219.1
Project("{2150E333-8FDC-42A3-9474-1A3956D46DE8}") = "src", "src", "{827E0CD3-B72D-47B6-A68D-7590B98EB39B}"
EndProject
Project("{FAE04EC0-301F-11D3-BF4B-00C04F79EFBC}") = "VetCare.Domain", "src\VetCare.Domain\VetCare.Domain.csproj", "{84F753E7-7F72-4B3D-BEE1-BF775C8DFADC}"
EndProject
Project("{FAE04EC0-301F-11D3-BF4B-00C04F79EFBC}") = "VetCare.Application", "src\VetCare.Application\VetCare.Application.csproj", "{54C72D78-947D-44E0-939C-70663718F1F8}"
EndProject
Project("{FAE04EC0-301F-11D3-BF4B-00C04F79EFBC}") = "VetCare.Infrastructure", "src\VetCare.Infrastructure\VetCare.Infrastructure.csproj", "{1AC970E8-3926-43CD-9DFF-2F43988D3AFA}"
EndProject
Project("{FAE04EC0-301F-11D3-BF4B-00C04F79EFBC}") = "VetCare.Api", "src\VetCare.Api\VetCare.Api.csproj", "{0EFEEA1E-F203-4727-8216-D805F7E4DE31}"
EndProject
Project("{2150E333-8FDC-42A3-9474-1A3956D46DE8}") = "tests", "tests", "{0AB3BF05-4346-4AA6-1389-037BE0695223}"
EndProject
Project("{FAE04EC0-301F-11D3-BF4B-00C04F79EFBC}") = "VetCare.UnitTests", "tests\VetCare.UnitTests\VetCare.UnitTests.csproj", "{BC13BF64-AFE0-4A48-9F7A-B513E54F991A}"
EndProject
Project("{FAE04EC0-301F-11D3-BF4B-00C04F79EFBC}") = "VetCare.IntegrationTests", "tests\VetCare.IntegrationTests\VetCare.IntegrationTests.csproj", "{7D96DDA1-5EB5-4A90-8181-4B9A58149C5C}"
EndProject
Global
	GlobalSection(SolutionConfigurationPlatforms) = preSolution
		Debug|Any CPU = Debug|Any CPU
		Debug|x64 = Debug|x64
		Debug|x86 = Debug|x86
		Release|Any CPU = Release|Any CPU
		Release|x64 = Release|x64
		Release|x86 = Release|x86
	EndGlobalSection
	GlobalSection(ProjectConfigurationPlatforms) = postSolution
		{84F753E7-7F72-4B3D-BEE1-BF775C8DFADC}.Debug|Any CPU.ActiveCfg = Debug|Any CPU
		{84F753E7-7F72-4B3D-BEE1-BF775C8DFADC}.Debug|Any CPU.Build.0 = Debug|Any CPU
		{84F753E7-7F72-4B3D-BEE1-BF775C8DFADC}.Debug|x64.ActiveCfg = Debug|Any CPU
		{84F753E7-7F72-4B3D-BEE1-BF775C8DFADC}.Debug|x64.Build.0 = Debug|Any CPU
		{84F753E7-7F72-4B3D-BEE1-BF775C8DFADC}.Debug|x86.ActiveCfg = Debug|Any CPU
		{84F753E7-7F72-4B3D-BEE1-BF775C8DFADC}.Debug|x86.Build.0 = Debug|Any CPU
		{84F753E7-7F72-4B3D-BEE1-BF775C8DFADC}.Release|Any CPU.ActiveCfg = Release|Any CPU
		{84F753E7-7F72-4B3D-BEE1-BF775C8DFADC}.Release|Any CPU.Build.0 = Release|Any CPU
		{84F753E7-7F72-4B3D-BEE1-BF775C8DFADC}.Release|x64.ActiveCfg = Release|Any CPU
		{84F753E7-7F72-4B3D-BEE1-BF775C8DFADC}.Release|x64.Build.0 = Release|Any CPU
		{84F753E7-7F72-4B3D-BEE1-BF775C8DFADC}.Release|x86.ActiveCfg = Release|Any CPU
		{84F753E7-7F72-4B3D-BEE1-BF775C8DFADC}.Release|x86.Build.0 = Release|Any CPU
		{54C72D78-947D-44E0-939C-70663718F1F8}.Debug|Any CPU.ActiveCfg = Debug|Any CPU
		{54C72D78-947D-44E0-939C-70663718F1F8}.Debug|Any CPU.Build.0 = Debug|Any CPU
		{54C72D78-947D-44E0-939C-70663718F1F8}.Debug|x64.ActiveCfg = Debug|Any CPU
		{54C72D78-947D-44E0-939C-70663718F1F8}.Debug|x64.Build.0 = Debug|Any CPU
		{54C72D78-947D-44E0-939C-70663718F1F8}.Debug|x86.ActiveCfg = Debug|Any CPU
		{54C72D78-947D-44E0-939C-70663718F1F8}.Debug|x86.Build.0 = Debug|Any CPU
		{54C72D78-947D-44E0-939C-70663718F1F8}.Release|Any CPU.ActiveCfg = Release|Any CPU
		{54C72D78-947D-44E0-939C-70663718F1F8}.Release|Any CPU.Build.0 = Release|Any CPU
		{54C72D78-947D-44E0-939C-70663718F1F8}.Release|x64.ActiveCfg = Release|Any CPU
		{54C72D78-947D-44E0-939C-70663718F1F8}.Release|x64.Build.0 = Release|Any CPU
		{54C72D78-947D-44E0-939C-70663718F1F8}.Release|x86.ActiveCfg = Release|Any CPU
		{54C72D78-947D-44E0-939C-70663718F1F8}.Release|x86.Build.0 = Release|Any CPU
		{1AC970E8-3926-43CD-9DFF-2F43988D3AFA}.Debug|Any CPU.ActiveCfg = Debug|Any CPU
		{1AC970E8-3926-43CD-9DFF-2F43988D3AFA}.Debug|Any CPU.Build.0 = Debug|Any CPU
		{1AC970E8-3926-43CD-9DFF-2F43988D3AFA}.Debug|x64.ActiveCfg = Debug|Any CPU
		{1AC970E8-3926-43CD-9DFF-2F43988D3AFA}.Debug|x64.Build.0 = Debug|Any CPU
		{1AC970E8-3926-43CD-9DFF-2F43988D3AFA}.Debug|x86.ActiveCfg = Debug|Any CPU
		{1AC970E8-3926-43CD-9DFF-2F43988D3AFA}.Debug|x86.Build.0 = Debug|Any CPU
		{1AC970E8-3926-43CD-9DFF-2F43988D3AFA}.Release|Any CPU.ActiveCfg = Release|Any CPU
		{1AC970E8-3926-43CD-9DFF-2F43988D3AFA}.Release|Any CPU.Build.0 = Release|Any CPU
		{1AC970E8-3926-43CD-9DFF-2F43988D3AFA}.Release|x64.ActiveCfg = Release|Any CPU
		{1AC970E8-3926-43CD-9DFF-2F43988D3AFA}.Release|x64.Build.0 = Release|Any CPU
		{1AC970E8-3926-43CD-9DFF-2F43988D3AFA}.Release|x86.ActiveCfg = Release|Any CPU
		{1AC970E8-3926-43CD-9DFF-2F43988D3AFA}.Release|x86.Build.0 = Release|Any CPU
		{0EFEEA1E-F203-4727-8216-D805F7E4DE31}.Debug|Any CPU.ActiveCfg = Debug|Any CPU
		{0EFEEA1E-F203-4727-8216-D805F7E4DE31}.Debug|Any CPU.Build.0 = Debug|Any CPU
		{0EFEEA1E-F203-4727-8216-D805F7E4DE31}.Debug|x64.ActiveCfg = Debug|Any CPU
		{0EFEEA1E-F203-4727-8216-D805F7E4DE31}.Debug|x64.Build.0 = Debug|Any CPU
		{0EFEEA1E-F203-4727-8216-D805F7E4DE31}.Debug|x86.ActiveCfg = Debug|Any CPU
		{0EFEEA1E-F203-4727-8216-D805F7E4DE31}.Debug|x86.Build.0 = Debug|Any CPU
		{0EFEEA1E-F203-4727-8216-D805F7E4DE31}.Release|Any CPU.ActiveCfg = Release|Any CPU
		{0EFEEA1E-F203-4727-8216-D805F7E4DE31}.Release|Any CPU.Build.0 = Release|Any CPU
		{0EFEEA1E-F203-4727-8216-D805F7E4DE31}.Release|x64.ActiveCfg = Release|Any CPU
		{0EFEEA1E-F203-4727-8216-D805F7E4DE31}.Release|x64.Build.0 = Release|Any CPU
		{0EFEEA1E-F203-4727-8216-D805F7E4DE31}.Release|x86.ActiveCfg = Release|Any CPU
		{0EFEEA1E-F203-4727-8216-D805F7E4DE31}.Release|x86.Build.0 = Release|Any CPU
		{BC13BF64-AFE0-4A48-9F7A-B513E54F991A}.Debug|Any CPU.ActiveCfg = Debug|Any CPU
		{BC13BF64-AFE0-4A48-9F7A-B513E54F991A}.Debug|Any CPU.Build.0 = Debug|Any CPU
		{BC13BF64-AFE0-4A48-9F7A-B513E54F991A}.Debug|x64.ActiveCfg = Debug|Any CPU
		{BC13BF64-AFE0-4A48-9F7A-B513E54F991A}.Debug|x64.Build.0 = Debug|Any CPU
		{BC13BF64-AFE0-4A48-9F7A-B513E54F991A}.Debug|x86.ActiveCfg = Debug|Any CPU
		{BC13BF64-AFE0-4A48-9F7A-B513E54F991A}.Debug|x86.Build.0 = Debug|Any CPU
		{BC13BF64-AFE0-4A48-9F7A-B513E54F991A}.Release|Any CPU.ActiveCfg = Release|Any CPU
		{BC13BF64-AFE0-4A48-9F7A-B513E54F991A}.Release|Any CPU.Build.0 = Release|Any CPU
		{BC13BF64-AFE0-4A48-9F7A-B513E54F991A}.Release|x64.ActiveCfg = Release|Any CPU
		{BC13BF64-AFE0-4A48-9F7A-B513E54F991A}.Release|x64.Build.0 = Release|Any CPU
		{BC13BF64-AFE0-4A48-9F7A-B513E54F991A}.Release|x86.ActiveCfg = Release|Any CPU
		{BC13BF64-AFE0-4A48-9F7A-B513E54F991A}.Release|x86.Build.0 = Release|Any CPU
		{7D96DDA1-5EB5-4A90-8181-4B9A58149C5C}.Debug|Any CPU.ActiveCfg = Debug|Any CPU
		{7D96DDA1-5EB5-4A90-8181-4B9A58149C5C}.Debug|Any CPU.Build.0 = Debug|Any CPU
		{7D96DDA1-5EB5-4A90-8181-4B9A58149C5C}.Debug|x64.ActiveCfg = Debug|Any CPU
		{7D96DDA1-5EB5-4A90-8181-4B9A58149C5C}.Debug|x64.Build.0 = Debug|Any CPU
		{7D96DDA1-5EB5-4A90-8181-4B9A58149C5C}.Debug|x86.ActiveCfg = Debug|Any CPU
		{7D96DDA1-5EB5-4A90-8181-4B9A58149C5C}.Debug|x86.Build.0 = Debug|Any CPU
		{7D96DDA1-5EB5-4A90-8181-4B9A58149C5C}.Release|Any CPU.ActiveCfg = Release|Any CPU
		{7D96DDA1-5EB5-4A90-8181-4B9A58149C5C}.Release|Any CPU.Build.0 = Release|Any CPU
		{7D96DDA1-5EB5-4A90-8181-4B9A58149C5C}.Release|x64.ActiveCfg = Release|Any CPU
		{7D96DDA1-5EB5-4A90-8181-4B9A58149C5C}.Release|x64.Build.0 = Release|Any CPU
		{7D96DDA1-5EB5-4A90-8181-4B9A58149C5C}.Release|x86.ActiveCfg = Release|Any CPU
		{7D96DDA1-5EB5-4A90-8181-4B9A58149C5C}.Release|x86.Build.0 = Release|Any CPU
	EndGlobalSection
	GlobalSection(SolutionProperties) = preSolution
		HideSolutionNode = FALSE
	EndGlobalSection
	GlobalSection(NestedProjects) = preSolution
		{84F753E7-7F72-4B3D-BEE1-BF775C8DFADC} = {827E0CD3-B72D-47B6-A68D-7590B98EB39B}
		{54C72D78-947D-44E0-939C-70663718F1F8} = {827E0CD3-B72D-47B6-A68D-7590B98EB39B}
		{1AC970E8-3926-43CD-9DFF-2F43988D3AFA} = {827E0CD3-B72D-47B6-A68D-7590B98EB39B}
		{0EFEEA1E-F203-4727-8216-D805F7E4DE31} = {827E0CD3-B72D-47B6-A68D-7590B98EB39B}
		{BC13BF64-AFE0-4A48-9F7A-B513E54F991A} = {0AB3BF05-4346-4AA6-1389-037BE0695223}
		{7D96DDA1-5EB5-4A90-8181-4B9A58149C5C} = {0AB3BF05-4346-4AA6-1389-037BE0695223}
	EndGlobalSection
EndGlobal
